PODS:
  - Alamofire (4.4.0)
  - HCSStarRatingView (1.5)

DEPENDENCIES:
  - Alamofire (~> 4.0)
  - HCSStarRatingView (~> 1.4)

SPEC CHECKSUMS:
  Alamofire: dc44b1600b800eb63da6a19039a0083d62a6a62d
  HCSStarRatingView: 1d18f79654735514cd6f00e6d90e38cb6320dc31

PODFILE CHECKSUM: 494ae4ea7facf08c8068f4de302691b1c6951316

COCOAPODS: 1.2.1
